
Microsoft Visual Studio Solution File, Format Version 12.00
# Visual Studio Version 17
VisualStudioVersion = 17.12.35707.178
MinimumVisualStudioVersion = 10.0.40219.1
Project("{FAE04EC0-301F-11D3-BF4B-00C04F79EFBC}") = "HackerRankBestStoriesProxy", "HackerRankBestStoriesProxy\HackerRankBestStoriesProxy.csproj", "{5C281AE7-CE78-407F-9390-B7EEC3D988C6}"
EndProject
Project("{FAE04EC0-301F-11D3-BF4B-00C04F79EFBC}") = "HackerRankBestStoriesProxy.Tests", "HackerRankBestStoriesProxy.Tests\HackerRankBestStoriesProxy.Tests.csproj", "{3A0544E2-B2F5-4854-A013-D2422A94727F}"
EndProject
Global
	GlobalSection(SolutionConfigurationPlatforms) = preSolution
		Debug|Any CPU = Debug|Any CPU
		Release|Any CPU = Release|Any CPU
	EndGlobalSection
	GlobalSection(ProjectConfigurationPlatforms) = postSolution
		{5C281AE7-CE78-407F-9390-B7EEC3D988C6}.Debug|Any CPU.ActiveCfg = Debug|Any CPU
		{5C281AE7-CE78-407F-9390-B7EEC3D988C6}.Debug|Any CPU.Build.0 = Debug|Any CPU
		{5C281AE7-CE78-407F-9390-B7EEC3D988C6}.Release|Any CPU.ActiveCfg = Release|Any CPU
		{5C281AE7-CE78-407F-9390-B7EEC3D988C6}.Release|Any CPU.Build.0 = Release|Any CPU
		{3A0544E2-B2F5-4854-A013-D2422A94727F}.Debug|Any CPU.ActiveCfg = Debug|Any CPU
		{3A0544E2-B2F5-4854-A013-D2422A94727F}.Debug|Any CPU.Build.0 = Debug|Any CPU
		{3A0544E2-B2F5-4854-A013-D2422A94727F}.Release|Any CPU.ActiveCfg = Release|Any CPU
		{3A0544E2-B2F5-4854-A013-D2422A94727F}.Release|Any CPU.Build.0 = Release|Any CPU
	EndGlobalSection
	GlobalSection(SolutionProperties) = preSolution
		HideSolutionNode = FALSE
	EndGlobalSection
EndGlobal
